
Microsoft Visual Studio Solution File, Format Version 12.00
# Visual Studio Version 17
VisualStudioVersion = 17.8.34316.72
MinimumVisualStudioVersion = 10.0.40219.1
Project("{FAE04EC0-301F-11D3-BF4B-00C04F79EFBC}") = "Practice_1", "Practice_1.csproj", "{9B3D9F6F-7EB1-41D2-83CE-0941DCFE711D}"
EndProject
Global
	GlobalSection(SolutionConfigurationPlatforms) = preSolution
		Debug|Any CPU = Debug|Any CPU
		Release|Any CPU = Release|Any CPU
	EndGlobalSection
	GlobalSection(ProjectConfigurationPlatforms) = postSolution
		{9B3D9F6F-7EB1-41D2-83CE-0941DCFE711D}.Debug|Any CPU.ActiveCfg = Debug|Any CPU
		{9B3D9F6F-7EB1-41D2-83CE-0941DCFE711D}.Debug|Any CPU.Build.0 = Debug|Any CPU
		{9B3D9F6F-7EB1-41D2-83CE-0941DCFE711D}.Release|Any CPU.ActiveCfg = Release|Any CPU
		{9B3D9F6F-7EB1-41D2-83CE-0941DCFE711D}.Release|Any CPU.Build.0 = Release|Any CPU
	EndGlobalSection
	GlobalSection(SolutionProperties) = preSolution
		HideSolutionNode = FALSE
	EndGlobalSection
	GlobalSection(ExtensibilityGlobals) = postSolution
		SolutionGuid = {8A45F295-FB24-48EB-9074-DF4C18754432}
	EndGlobalSection
EndGlobal
